
Microsoft Visual Studio Solution File, Format Version 12.00
# Visual Studio Version 16
VisualStudioVersion = 16.0.34114.132
MinimumVisualStudioVersion = 10.0.40219.1
Project("{FAE04EC0-301F-11D3-BF4B-00C04F79EFBC}") = "TeknikServis", "TeknikServis\TeknikServis.csproj", "{6C6B2234-5F08-4755-BAB5-16665DD9C4DC}"
EndProject
Global
	GlobalSection(SolutionConfigurationPlatforms) = preSolution
		Debug|Any CPU = Debug|Any CPU
		Release|Any CPU = Release|Any CPU
	EndGlobalSection
	GlobalSection(ProjectConfigurationPlatforms) = postSolution
		{6C6B2234-5F08-4755-BAB5-16665DD9C4DC}.Debug|Any CPU.ActiveCfg = Debug|Any CPU
		{6C6B2234-5F08-4755-BAB5-16665DD9C4DC}.Debug|Any CPU.Build.0 = Debug|Any CPU
		{6C6B2234-5F08-4755-BAB5-16665DD9C4DC}.Release|Any CPU.ActiveCfg = Release|Any CPU
		{6C6B2234-5F08-4755-BAB5-16665DD9C4DC}.Release|Any CPU.Build.0 = Release|Any CPU
	EndGlobalSection
	GlobalSection(SolutionProperties) = preSolution
		HideSolutionNode = FALSE
	EndGlobalSection
	GlobalSection(ExtensibilityGlobals) = postSolution
		SolutionGuid = {9A27F78A-FB99-4407-BA9F-0512FCB3464B}
	EndGlobalSection
EndGlobal
